
Microsoft Visual Studio Solution File, Format Version 12.00
# Visual Studio 15
VisualStudioVersion = 15.0.27428.1
MinimumVisualStudioVersion = 10.0.40219.1
Project("{FAE04EC0-301F-11D3-BF4B-00C04F79EFBC}") = "WPFExample500", "WPFExample500\WPFExample500.csproj", "{C6EE7B7C-0BCC-497D-8089-DCDA3E18420D}"
EndProject
Global
	GlobalSection(SolutionConfigurationPlatforms) = preSolution
		Debug|Any CPU = Debug|Any CPU
		Release|Any CPU = Release|Any CPU
	EndGlobalSection
	GlobalSection(ProjectConfigurationPlatforms) = postSolution
		{C6EE7B7C-0BCC-497D-8089-DCDA3E18420D}.Debug|Any CPU.ActiveCfg = Debug|Any CPU
		{C6EE7B7C-0BCC-497D-8089-DCDA3E18420D}.Debug|Any CPU.Build.0 = Debug|Any CPU
		{C6EE7B7C-0BCC-497D-8089-DCDA3E18420D}.Release|Any CPU.ActiveCfg = Release|Any CPU
		{C6EE7B7C-0BCC-497D-8089-DCDA3E18420D}.Release|Any CPU.Build.0 = Release|Any CPU
	EndGlobalSection
	GlobalSection(SolutionProperties) = preSolution
		HideSolutionNode = FALSE
	EndGlobalSection
	GlobalSection(ExtensibilityGlobals) = postSolution
		SolutionGuid = {5C9E1126-5794-4152-BA80-9D45278D81DE}
	EndGlobalSection
EndGlobal
